
Microsoft Visual Studio Solution File, Format Version 12.00
# Visual Studio Version 17
VisualStudioVersion = 17.5.33516.290
MinimumVisualStudioVersion = 10.0.40219.1
Project("{FAE04EC0-301F-11D3-BF4B-00C04F79EFBC}") = "project", "project.csproj", "{8E673E47-BDA3-4DB5-B3A1-F245A09FC643}"
EndProject
Global
	GlobalSection(SolutionConfigurationPlatforms) = preSolution
		Debug|Any CPU = Debug|Any CPU
		Release|Any CPU = Release|Any CPU
	EndGlobalSection
	GlobalSection(ProjectConfigurationPlatforms) = postSolution
		{8E673E47-BDA3-4DB5-B3A1-F245A09FC643}.Debug|Any CPU.ActiveCfg = Debug|Any CPU
		{8E673E47-BDA3-4DB5-B3A1-F245A09FC643}.Debug|Any CPU.Build.0 = Debug|Any CPU
		{8E673E47-BDA3-4DB5-B3A1-F245A09FC643}.Release|Any CPU.ActiveCfg = Release|Any CPU
		{8E673E47-BDA3-4DB5-B3A1-F245A09FC643}.Release|Any CPU.Build.0 = Release|Any CPU
	EndGlobalSection
	GlobalSection(SolutionProperties) = preSolution
		HideSolutionNode = FALSE
	EndGlobalSection
	GlobalSection(ExtensibilityGlobals) = postSolution
		SolutionGuid = {E58B16B5-1C67-4672-98D7-16DF3B93DC5E}
	EndGlobalSection
EndGlobal
